
Microsoft Visual Studio Solution File, Format Version 12.00
# Visual Studio Version 16
VisualStudioVersion = 16.0.31410.357
MinimumVisualStudioVersion = 10.0.40219.1
Project("{9A19103F-16F7-4668-BE54-9A1E7A4F7556}") = "Application", "TeeBox\Application.csproj", "{FACEED58-F61C-481A-A1D0-25E6EB5051D5}"
EndProject
Project("{9A19103F-16F7-4668-BE54-9A1E7A4F7556}") = "Domain", "Domain\Domain.csproj", "{636DBD8B-8D99-494A-8D8B-A844D87129BC}"
EndProject
Project("{9A19103F-16F7-4668-BE54-9A1E7A4F7556}") = "Infrastructure", "Infrastructure\Infrastructure.csproj", "{B389F8C2-986D-477E-B43E-2F9CD72A8BC9}"
EndProject
Project("{2150E333-8FDC-42A3-9474-1A3956D46DE8}") = "doc", "doc", "{4B3F26F0-5A72-450B-88D0-8D7B96237ED9}"
	ProjectSection(SolutionItems) = preProject
		database_configuration.md = database_configuration.md
	EndProjectSection
EndProject
Project("{9A19103F-16F7-4668-BE54-9A1E7A4F7556}") = "WebUI", "WebUI\WebUI.csproj", "{76A7EF77-B7BE-4EE4-B157-E2E66A6A68A7}"
EndProject
Global
	GlobalSection(SolutionConfigurationPlatforms) = preSolution
		Debug|Any CPU = Debug|Any CPU
		Release|Any CPU = Release|Any CPU
	EndGlobalSection
	GlobalSection(ProjectConfigurationPlatforms) = postSolution
		{FACEED58-F61C-481A-A1D0-25E6EB5051D5}.Debug|Any CPU.ActiveCfg = Debug|Any CPU
		{FACEED58-F61C-481A-A1D0-25E6EB5051D5}.Debug|Any CPU.Build.0 = Debug|Any CPU
		{FACEED58-F61C-481A-A1D0-25E6EB5051D5}.Release|Any CPU.ActiveCfg = Release|Any CPU
		{FACEED58-F61C-481A-A1D0-25E6EB5051D5}.Release|Any CPU.Build.0 = Release|Any CPU
		{636DBD8B-8D99-494A-8D8B-A844D87129BC}.Debug|Any CPU.ActiveCfg = Debug|Any CPU
		{636DBD8B-8D99-494A-8D8B-A844D87129BC}.Debug|Any CPU.Build.0 = Debug|Any CPU
		{636DBD8B-8D99-494A-8D8B-A844D87129BC}.Release|Any CPU.ActiveCfg = Release|Any CPU
		{636DBD8B-8D99-494A-8D8B-A844D87129BC}.Release|Any CPU.Build.0 = Release|Any CPU
		{B389F8C2-986D-477E-B43E-2F9CD72A8BC9}.Debug|Any CPU.ActiveCfg = Debug|Any CPU
		{B389F8C2-986D-477E-B43E-2F9CD72A8BC9}.Debug|Any CPU.Build.0 = Debug|Any CPU
		{B389F8C2-986D-477E-B43E-2F9CD72A8BC9}.Release|Any CPU.ActiveCfg = Release|Any CPU
		{B389F8C2-986D-477E-B43E-2F9CD72A8BC9}.Release|Any CPU.Build.0 = Release|Any CPU
		{76A7EF77-B7BE-4EE4-B157-E2E66A6A68A7}.Debug|Any CPU.ActiveCfg = Debug|Any CPU
		{76A7EF77-B7BE-4EE4-B157-E2E66A6A68A7}.Debug|Any CPU.Build.0 = Debug|Any CPU
		{76A7EF77-B7BE-4EE4-B157-E2E66A6A68A7}.Release|Any CPU.ActiveCfg = Release|Any CPU
		{76A7EF77-B7BE-4EE4-B157-E2E66A6A68A7}.Release|Any CPU.Build.0 = Release|Any CPU
	EndGlobalSection
	GlobalSection(SolutionProperties) = preSolution
		HideSolutionNode = FALSE
	EndGlobalSection
	GlobalSection(ExtensibilityGlobals) = postSolution
		SolutionGuid = {151E1E3F-17F8-4B1B-8033-D1BDF1334CC3}
	EndGlobalSection
EndGlobal
